
Microsoft Visual Studio Solution File, Format Version 12.00
# Visual Studio 14
VisualStudioVersion = 14.0.25420.1
MinimumVisualStudioVersion = 10.0.40219.1
Project("{FAE04EC0-301F-11D3-BF4B-00C04F79EFBC}") = "Api.Core", "Api.Core\Api.Core.csproj", "{D579E68E-92AE-4131-9708-ED0C20592F2B}"
EndProject
Project("{FAE04EC0-301F-11D3-BF4B-00C04F79EFBC}") = "TestService", "TestService\TestService.csproj", "{E87BE481-D524-4DB5-9350-0BBF221924A2}"
EndProject
Project("{FAE04EC0-301F-11D3-BF4B-00C04F79EFBC}") = "WebService.Core", "WebService.Core\WebService.Core.csproj", "{B41AD21F-B7E0-44CA-9915-393BD9C86B9F}"
EndProject
Project("{FAE04EC0-301F-11D3-BF4B-00C04F79EFBC}") = "Api.App", "Api.App\Api.App.csproj", "{0F44558C-039B-4603-B677-798FBFA3FF0E}"
EndProject
Project("{FAE04EC0-301F-11D3-BF4B-00C04F79EFBC}") = "Common", "Common\Common.csproj", "{25D1A21B-F190-463D-BDBB-6ADDC6697848}"
EndProject
Project("{FAE04EC0-301F-11D3-BF4B-00C04F79EFBC}") = "Api.Merchant", "Api.Merchant\Api.Merchant.csproj", "{E2708B17-6A55-465B-970C-E3C1E426C13C}"
EndProject
Project("{FAE04EC0-301F-11D3-BF4B-00C04F79EFBC}") = "Api.Merchant.Tests", "Api.Merchant.Tests\Api.Merchant.Tests.csproj", "{0D23D26F-2F17-4E6F-8639-8FCE3C3D1633}"
EndProject
Project("{FAE04EC0-301F-11D3-BF4B-00C04F79EFBC}") = "Api.TrackAndTrace", "Api.TrackAndTrace\Api.TrackAndTrace.csproj", "{872894F2-19CE-4B02-83E3-40B9F32B8FD6}"
EndProject
Global
	GlobalSection(SolutionConfigurationPlatforms) = preSolution
		CD_ROM|Any CPU = CD_ROM|Any CPU
		Debug|Any CPU = Debug|Any CPU
		DVD-5|Any CPU = DVD-5|Any CPU
		Release|Any CPU = Release|Any CPU
		SingleImage|Any CPU = SingleImage|Any CPU
	EndGlobalSection
	GlobalSection(ProjectConfigurationPlatforms) = postSolution
		{D579E68E-92AE-4131-9708-ED0C20592F2B}.CD_ROM|Any CPU.ActiveCfg = Release|Any CPU
		{D579E68E-92AE-4131-9708-ED0C20592F2B}.CD_ROM|Any CPU.Build.0 = Release|Any CPU
		{D579E68E-92AE-4131-9708-ED0C20592F2B}.Debug|Any CPU.ActiveCfg = Debug|Any CPU
		{D579E68E-92AE-4131-9708-ED0C20592F2B}.Debug|Any CPU.Build.0 = Debug|Any CPU
		{D579E68E-92AE-4131-9708-ED0C20592F2B}.DVD-5|Any CPU.ActiveCfg = Debug|Any CPU
		{D579E68E-92AE-4131-9708-ED0C20592F2B}.DVD-5|Any CPU.Build.0 = Debug|Any CPU
		{D579E68E-92AE-4131-9708-ED0C20592F2B}.Release|Any CPU.ActiveCfg = Release|Any CPU
		{D579E68E-92AE-4131-9708-ED0C20592F2B}.Release|Any CPU.Build.0 = Release|Any CPU
		{D579E68E-92AE-4131-9708-ED0C20592F2B}.SingleImage|Any CPU.ActiveCfg = Release|Any CPU
		{D579E68E-92AE-4131-9708-ED0C20592F2B}.SingleImage|Any CPU.Build.0 = Release|Any CPU
		{E87BE481-D524-4DB5-9350-0BBF221924A2}.CD_ROM|Any CPU.ActiveCfg = Release|Any CPU
		{E87BE481-D524-4DB5-9350-0BBF221924A2}.CD_ROM|Any CPU.Build.0 = Release|Any CPU
		{E87BE481-D524-4DB5-9350-0BBF221924A2}.Debug|Any CPU.ActiveCfg = Debug|Any CPU
		{E87BE481-D524-4DB5-9350-0BBF221924A2}.Debug|Any CPU.Build.0 = Debug|Any CPU
		{E87BE481-D524-4DB5-9350-0BBF221924A2}.DVD-5|Any CPU.ActiveCfg = Debug|Any CPU
		{E87BE481-D524-4DB5-9350-0BBF221924A2}.DVD-5|Any CPU.Build.0 = Debug|Any CPU
		{E87BE481-D524-4DB5-9350-0BBF221924A2}.Release|Any CPU.ActiveCfg = Release|Any CPU
		{E87BE481-D524-4DB5-9350-0BBF221924A2}.Release|Any CPU.Build.0 = Release|Any CPU
		{E87BE481-D524-4DB5-9350-0BBF221924A2}.SingleImage|Any CPU.ActiveCfg = Release|Any CPU
		{E87BE481-D524-4DB5-9350-0BBF221924A2}.SingleImage|Any CPU.Build.0 = Release|Any CPU
		{B41AD21F-B7E0-44CA-9915-393BD9C86B9F}.CD_ROM|Any CPU.ActiveCfg = Release|Any CPU
		{B41AD21F-B7E0-44CA-9915-393BD9C86B9F}.CD_ROM|Any CPU.Build.0 = Release|Any CPU
		{B41AD21F-B7E0-44CA-9915-393BD9C86B9F}.Debug|Any CPU.ActiveCfg = Debug|Any CPU
		{B41AD21F-B7E0-44CA-9915-393BD9C86B9F}.Debug|Any CPU.Build.0 = Debug|Any CPU
		{B41AD21F-B7E0-44CA-9915-393BD9C86B9F}.DVD-5|Any CPU.ActiveCfg = Debug|Any CPU
		{B41AD21F-B7E0-44CA-9915-393BD9C86B9F}.DVD-5|Any CPU.Build.0 = Debug|Any CPU
		{B41AD21F-B7E0-44CA-9915-393BD9C86B9F}.Release|Any CPU.ActiveCfg = Release|Any CPU
		{B41AD21F-B7E0-44CA-9915-393BD9C86B9F}.Release|Any CPU.Build.0 = Release|Any CPU
		{B41AD21F-B7E0-44CA-9915-393BD9C86B9F}.SingleImage|Any CPU.ActiveCfg = Release|Any CPU
		{B41AD21F-B7E0-44CA-9915-393BD9C86B9F}.SingleImage|Any CPU.Build.0 = Release|Any CPU
		{0F44558C-039B-4603-B677-798FBFA3FF0E}.CD_ROM|Any CPU.ActiveCfg = Release|Any CPU
		{0F44558C-039B-4603-B677-798FBFA3FF0E}.CD_ROM|Any CPU.Build.0 = Release|Any CPU
		{0F44558C-039B-4603-B677-798FBFA3FF0E}.Debug|Any CPU.ActiveCfg = Debug|Any CPU
		{0F44558C-039B-4603-B677-798FBFA3FF0E}.Debug|Any CPU.Build.0 = Debug|Any CPU
		{0F44558C-039B-4603-B677-798FBFA3FF0E}.DVD-5|Any CPU.ActiveCfg = Debug|Any CPU
		{0F44558C-039B-4603-B677-798FBFA3FF0E}.DVD-5|Any CPU.Build.0 = Debug|Any CPU
		{0F44558C-039B-4603-B677-798FBFA3FF0E}.Release|Any CPU.ActiveCfg = Release|Any CPU
		{0F44558C-039B-4603-B677-798FBFA3FF0E}.Release|Any CPU.Build.0 = Release|Any CPU
		{0F44558C-039B-4603-B677-798FBFA3FF0E}.SingleImage|Any CPU.ActiveCfg = Release|Any CPU
		{0F44558C-039B-4603-B677-798FBFA3FF0E}.SingleImage|Any CPU.Build.0 = Release|Any CPU
		{25D1A21B-F190-463D-BDBB-6ADDC6697848}.CD_ROM|Any CPU.ActiveCfg = Release|Any CPU
		{25D1A21B-F190-463D-BDBB-6ADDC6697848}.CD_ROM|Any CPU.Build.0 = Release|Any CPU
		{25D1A21B-F190-463D-BDBB-6ADDC6697848}.Debug|Any CPU.ActiveCfg = Debug|Any CPU
		{25D1A21B-F190-463D-BDBB-6ADDC6697848}.Debug|Any CPU.Build.0 = Debug|Any CPU
		{25D1A21B-F190-463D-BDBB-6ADDC6697848}.DVD-5|Any CPU.ActiveCfg = Debug|Any CPU
		{25D1A21B-F190-463D-BDBB-6ADDC6697848}.DVD-5|Any CPU.Build.0 = Debug|Any CPU
		{25D1A21B-F190-463D-BDBB-6ADDC6697848}.Release|Any CPU.ActiveCfg = Release|Any CPU
		{25D1A21B-F190-463D-BDBB-6ADDC6697848}.Release|Any CPU.Build.0 = Release|Any CPU
		{25D1A21B-F190-463D-BDBB-6ADDC6697848}.SingleImage|Any CPU.ActiveCfg = Release|Any CPU
		{25D1A21B-F190-463D-BDBB-6ADDC6697848}.SingleImage|Any CPU.Build.0 = Release|Any CPU
		{E2708B17-6A55-465B-970C-E3C1E426C13C}.CD_ROM|Any CPU.ActiveCfg = Release|Any CPU
		{E2708B17-6A55-465B-970C-E3C1E426C13C}.CD_ROM|Any CPU.Build.0 = Release|Any CPU
		{E2708B17-6A55-465B-970C-E3C1E426C13C}.Debug|Any CPU.ActiveCfg = Debug|Any CPU
		{E2708B17-6A55-465B-970C-E3C1E426C13C}.Debug|Any CPU.Build.0 = Debug|Any CPU
		{E2708B17-6A55-465B-970C-E3C1E426C13C}.DVD-5|Any CPU.ActiveCfg = Debug|Any CPU
		{E2708B17-6A55-465B-970C-E3C1E426C13C}.DVD-5|Any CPU.Build.0 = Debug|Any CPU
		{E2708B17-6A55-465B-970C-E3C1E426C13C}.Release|Any CPU.ActiveCfg = Release|Any CPU
		{E2708B17-6A55-465B-970C-E3C1E426C13C}.Release|Any CPU.Build.0 = Release|Any CPU
		{E2708B17-6A55-465B-970C-E3C1E426C13C}.SingleImage|Any CPU.ActiveCfg = Release|Any CPU
		{E2708B17-6A55-465B-970C-E3C1E426C13C}.SingleImage|Any CPU.Build.0 = Release|Any CPU
		{0D23D26F-2F17-4E6F-8639-8FCE3C3D1633}.CD_ROM|Any CPU.ActiveCfg = Release|Any CPU
		{0D23D26F-2F17-4E6F-8639-8FCE3C3D1633}.CD_ROM|Any CPU.Build.0 = Release|Any CPU
		{0D23D26F-2F17-4E6F-8639-8FCE3C3D1633}.Debug|Any CPU.ActiveCfg = Debug|Any CPU
		{0D23D26F-2F17-4E6F-8639-8FCE3C3D1633}.Debug|Any CPU.Build.0 = Debug|Any CPU
		{0D23D26F-2F17-4E6F-8639-8FCE3C3D1633}.DVD-5|Any CPU.ActiveCfg = Debug|Any CPU
		{0D23D26F-2F17-4E6F-8639-8FCE3C3D1633}.DVD-5|Any CPU.Build.0 = Debug|Any CPU
		{0D23D26F-2F17-4E6F-8639-8FCE3C3D1633}.Release|Any CPU.ActiveCfg = Release|Any CPU
		{0D23D26F-2F17-4E6F-8639-8FCE3C3D1633}.Release|Any CPU.Build.0 = Release|Any CPU
		{0D23D26F-2F17-4E6F-8639-8FCE3C3D1633}.SingleImage|Any CPU.ActiveCfg = Release|Any CPU
		{0D23D26F-2F17-4E6F-8639-8FCE3C3D1633}.SingleImage|Any CPU.Build.0 = Release|Any CPU
		{872894F2-19CE-4B02-83E3-40B9F32B8FD6}.CD_ROM|Any CPU.ActiveCfg = Release|Any CPU
		{872894F2-19CE-4B02-83E3-40B9F32B8FD6}.CD_ROM|Any CPU.Build.0 = Release|Any CPU
		{872894F2-19CE-4B02-83E3-40B9F32B8FD6}.Debug|Any CPU.ActiveCfg = Debug|Any CPU
		{872894F2-19CE-4B02-83E3-40B9F32B8FD6}.Debug|Any CPU.Build.0 = Debug|Any CPU
		{872894F2-19CE-4B02-83E3-40B9F32B8FD6}.DVD-5|Any CPU.ActiveCfg = Debug|Any CPU
		{872894F2-19CE-4B02-83E3-40B9F32B8FD6}.DVD-5|Any CPU.Build.0 = Debug|Any CPU
		{872894F2-19CE-4B02-83E3-40B9F32B8FD6}.Release|Any CPU.ActiveCfg = Release|Any CPU
		{872894F2-19CE-4B02-83E3-40B9F32B8FD6}.Release|Any CPU.Build.0 = Release|Any CPU
		{872894F2-19CE-4B02-83E3-40B9F32B8FD6}.SingleImage|Any CPU.ActiveCfg = Release|Any CPU
		{872894F2-19CE-4B02-83E3-40B9F32B8FD6}.SingleImage|Any CPU.Build.0 = Release|Any CPU
	EndGlobalSection
	GlobalSection(SolutionProperties) = preSolution
		HideSolutionNode = FALSE
	EndGlobalSection
EndGlobal
